{
    "name": "@byrojo/react-ka-ching-app",
    "version": "0.0.3",
    "lockfileVersion": 2,
    "requires": true,
    "packages": {
        "": {
            "name": "@byrojo/react-ka-ching-app",
            "version": "0.0.3",
            "bin": {
                "react-ka-ching-app": "bin.js"
            }
        }
    }
}
